github.com/aws/aws-lambda-go v1.41.0 h1:l/5fyVb6Ud9uYd411xdHZzSf2n86TakxzpvIoz7l+3Y=
github.com/aws/aws-lambda-go v1.41.0/go.mod h1:jwFe2KmMsHmffA1X2R09hH6lFzJQxzI8qK17ewzbQMM=
github.com/aws/aws-lambda-go v1.46.0 h1:UWVnvh2h2gecOlFhHQfIPQcD8pL/f7pVCutmFl+oXU8=
github.com/aws/aws-lambda-go v1.46.0/go.mod h1:dpMpZgvWx5vuQJfBt0zqBha60q7Dd7RfgJv23DymV8A=
github.com/aws/aws-sdk-go-v2 v1.17.4/go.mod h1:uzbQtefpm44goOPmdKyAlXSNcwlRgF3ePWVW6EtJvvw=
github.com/aws/aws-sdk-go-v2 v1.21.0 h1:gMT0IW+03wtYJhRqTVYn0wLzwdnK9sRMcxmtfGzRdJc=
github.com/aws/aws-sdk-go-v2 v1.21.0/go.mod h1:/RfNgGmRxI+iFOB1OeJUyxiU+9s88k3pfHvDagGEp0M=
github.com/aws/aws-sdk-go-v2 v1.25.2 h1:/uiG1avJRgLGiQM9X3qJM8+Qa6KRGK5rRPuXE0HUM+w=
github.com/aws/aws-sdk-go-v2 v1.25.2/go.mod h1:Evoc5AsmtveRt1komDwIsjHFyrP5tDuF1D1U+6z6pNo=
github.com/aws/aws-sdk-go-v2/aws/protocol/eventstream v1.4.13 h1:OPLEkmhXf6xFPiz0bLeDArZIDx1NNS4oJyG4nv3Gct0=
github.com/aws/aws-sdk-go-v2/aws/protocol/eventstream v1.4.13/go.mod h1:gpAbvyDGQFozTEmlTFO8XcQKHzubdq0LzRyJpG6MiXM=
github.com/aws/aws-sdk-go-v2/aws/protocol/eventstream v1.6.1 h1:gTK2uhtAPtFcdRRJilZPx8uJLL2J85xK11nKtWL0wfU=
github.com/aws/aws-sdk-go-v2/aws/protocol/eventstream v1.6.1/go.mod h1:sxpLb+nZk7tIfCWChfd+h4QwHNUR57d8hA1cleTkjJo=
github.com/aws/aws-sdk-go-v2/config v1.18.12 h1:fKs/I4wccmfrNRO9rdrbMO1NgLxct6H9rNMiPdBxHWw=
github.com/aws/aws-sdk-go-v2/config v1.18.12/go.mod h1:J36fOhj1LQBr+O4hJCiT8FwVvieeoSGOtPuvhKlsNu8=
github.com/aws/aws-sdk-go-v2/credentials v1.13.12 h1:Cb+HhuEnV19zHRaYYVglwvdHGMJWbdsyP4oHhw04xws=
github.com/aws/aws-sdk-go-v2/credentials v1.13.12/go.mod h1:37HG2MBroXK3jXfxVGtbM2J48ra2+Ltu+tmwr/jO0KA=
github.com/aws/aws-sdk-go-v2/feature/dynamodb/attributevalue v1.10.39 h1:DX/r3aNL7pIVn0K5a+ESL0Fw9ti7Rj05pblEiIJtPmQ=
github.com/aws/aws-sdk-go-v2/feature/dynamodb/attributevalue v1.10.39/go.mod h1:oTk09orqXlwSKnKf+UQhy+4Ci7aCo9x8hn0ZvPCLrns=
github.com/aws/aws-sdk-go-v2/feature/dynamodb/attributevalue v1.13.6 h1:fKkSKZFqQWCE59mDdboIoG2hWzY1pEHPnSkD6qwq7IE=
github.com/aws/aws-sdk-go-v2/feature/dynamodb/attributevalue v1.13.6/go.mod h1:+/MkJPCE/m0lNlYKVyKG79YFM2IF/n2gM43llt34xXQ=
github.com/aws/aws-sdk-go-v2/feature/dynamodb/expression v1.4.66 h1:DFYIZszf0vsrvC5JjiEK7cmY1sILFF8GlJNJsAMewGc=
github.com/aws/aws-sdk-go-v2/feature/dynamodb/expression v1.4.66/go.mod h1:G8zHK3ouHuARBTgMjv5e4QvR9qFtujU5cewhDks4vm0=
github.com/aws/aws-sdk-go-v2/feature/dynamodb/expression v1.7.6 h1:pdQFFfM/L8P3VG3KcpuqhRIitI2Ua+vH6iidYqsbLeo=
github.com/aws/aws-sdk-go-v2/feature/dynamodb/expression v1.7.6/go.mod h1:M4qwQnA4Bajt0AGOx47oHHD83jqIN5MZtsNELZsS4FE=
github.com/aws/aws-sdk-go-v2/feature/ec2/imds v1.12.22 h1:3aMfcTmoXtTZnaT86QlVaYh+BRMbvrrmZwIQ5jWqCZQ=
github.com/aws/aws-sdk-go-v2/feature/ec2/imds v1.12.22/go.mod h1:YGSIJyQ6D6FjKMQh16hVFSIUD54L4F7zTGePqYMYYJU=
github.com/aws/aws-sdk-go-v2/internal/configsources v1.1.28/go.mod h1:3lwChorpIM/BhImY/hy+Z6jekmN92cXGPI1QJasVPYY=
github.com/aws/aws-sdk-go-v2/internal/configsources v1.1.41 h1:22dGT7PneFMx4+b3pz7lMTRyN8ZKH7M2cW4GP9yUS2g=
github.com/aws/aws-sdk-go-v2/internal/configsources v1.1.41/go.mod h1:CrObHAuPneJBlfEJ5T3szXOUkLEThaGfvnhTf33buas=
github.com/aws/aws-sdk-go-v2/internal/configsources v1.3.2 h1:bNo4LagzUKbjdxE0tIcR9pMzLR2U/Tgie1Hq1HQ3iH8=
github.com/aws/aws-sdk-go-v2/internal/configsources v1.3.2/go.mod h1:wRQv0nN6v9wDXuWThpovGQjqF1HFdcgWjporw14lS8k=
github.com/aws/aws-sdk-go-v2/internal/endpoints/v2 v2.4.22/go.mod h1:EqK7gVrIGAHyZItrD1D8B0ilgwMD1GiWAmbU4u/JHNk=
github.com/aws/aws-sdk-go-v2/internal/endpoints/v2 v2.4.35 h1:SijA0mgjV8E+8G45ltVHs0fvKpTj8xmZJ3VwhGKtUSI=
github.com/aws/aws-sdk-go-v2/internal/endpoints/v2 v2.4.35/go.mod h1:SJC1nEVVva1g3pHAIdCp7QsRIkMmLAgoDquQ9Rr8kYw=
github.com/aws/aws-sdk-go-v2/internal/endpoints/v2 v2.6.2 h1:EtOU5jsPdIQNP+6Q2C5e3d65NKT1PeCiQk+9OdzO12Q=
github.com/aws/aws-sdk-go-v2/internal/endpoints/v2 v2.6.2/go.mod h1:tyF5sKccmDz0Bv4NrstEr+/9YkSPJHrcO7UsUKf7pWM=
github.com/aws/aws-sdk-go-v2/internal/ini v1.3.29 h1:J4xhFd6zHhdF9jPP0FQJ6WknzBboGMBNjKOv4iTuw4A=
github.com/aws/aws-sdk-go-v2/internal/ini v1.3.29/go.mod h1:TwuqRBGzxjQJIwH16/fOZodwXt2Zxa9/cwJC5ke4j7s=
github.com/aws/aws-sdk-go-v2/internal/v4a v1.1.4 h1:6lJvvkQ9HmbHZ4h/IEwclwv2mrTW8Uq1SOB/kXy0mfw=
github.com/aws/aws-sdk-go-v2/internal/v4a v1.1.4/go.mod h1:1PrKYwxTM+zjpw9Y41KFtoJCQrJ34Z47Y4VgVbfndjo=
github.com/aws/aws-sdk-go-v2/internal/v4a v1.3.2 h1:en92G0Z7xlksoOylkUhuBSfJgijC7rHVLRdnIlHEs0E=
github.com/aws/aws-sdk-go-v2/internal/v4a v1.3.2/go.mod h1:HgtQ/wN5G+8QSlK62lbOtNwQ3wTSByJ4wH2rCkPt+AE=
github.com/aws/aws-sdk-go-v2/service/dynamodb v1.21.5 h1:EeNQ3bDA6hlx3vifHf7LT/l9dh9w7D2XgCdaD11TRU4=
github.com/aws/aws-sdk-go-v2/service/dynamodb v1.21.5/go.mod h1:X3ThW5RPV19hi7bnQ0RMAiBjZbzxj4rZlj+qdctbMWY=
github.com/aws/aws-sdk-go-v2/service/dynamodb v1.30.1 h1:haLXE5R07oaq/UnvSyE43V4jp9gA2XRMYcxkFYHEpdU=
github.com/aws/aws-sdk-go-v2/service/dynamodb v1.30.1/go.mod h1:mM51J0CILKQjqIawPDM4g6E1nyxdlvk/qaCDyJkx0II=
github.com/aws/aws-sdk-go-v2/service/dynamodbstreams v1.15.5 h1:xoalM/e1YsT6jkLKl6KA9HUiJANwn2ypJsM9lhW2WP0=
github.com/aws/aws-sdk-go-v2/service/dynamodbstreams v1.15.5/go.mod h1:7QtKdGj66zM4g5hPgxHRQgFGLGal4EgwggTw5OZH56c=
github.com/aws/aws-sdk-go-v2/service/dynamodbstreams v1.20.1 h1:kZR1TZ0VYcRK2LFiFt61EReplssCq9SZO4gVSYV1Aww=
github.com/aws/aws-sdk-go-v2/service/dynamodbstreams v1.20.1/go.mod h1:ifHRXsCyLVIdvDaAScQnM7jtsXtoBZFmyZiLMex8FTA=
github.com/aws/aws-sdk-go-v2/service/internal/accept-encoding v1.9.14 h1:m0QTSI6pZYJTk5WSKx3fm5cNW/DCicVzULBgU/6IyD0=
github.com/aws/aws-sdk-go-v2/service/internal/accept-encoding v1.9.14/go.mod h1:dDilntgHy9WnHXsh7dDtUPgHKEfTJIBUTHM8OWm0f/0=
github.com/aws/aws-sdk-go-v2/service/internal/accept-encoding v1.11.1 h1:EyBZibRTVAs6ECHZOw5/wlylS9OcTzwyjeQMudmREjE=
github.com/aws/aws-sdk-go-v2/service/internal/accept-encoding v1.11.1/go.mod h1:JKpmtYhhPs7D97NL/ltqz7yCkERFW5dOlHyVl66ZYF8=
github.com/aws/aws-sdk-go-v2/service/internal/checksum v1.1.36 h1:eev2yZX7esGRjqRbnVk1UxMLw4CyVZDpZXRCcy75oQk=
github.com/aws/aws-sdk-go-v2/service/internal/checksum v1.1.36/go.mod h1:lGnOkH9NJATw0XEPcAknFBj3zzNTEGRHtSw+CwC1YTg=
github.com/aws/aws-sdk-go-v2/service/internal/checksum v1.3.2 h1:zSdTXYLwuXDNPUS+V41i1SFDXG7V0ITp0D9UT9Cvl18=
github.com/aws/aws-sdk-go-v2/service/internal/checksum v1.3.2/go.mod h1:v8m8k+qVy95nYi7d56uP1QImleIIY25BPiNJYzPBdFE=
github.com/aws/aws-sdk-go-v2/service/internal/endpoint-discovery v1.7.35 h1:UKjpIDLVF90RfV88XurdduMoTxPqtGHZMIDYZQM7RO4=
github.com/aws/aws-sdk-go-v2/service/internal/endpoint-discovery v1.7.35/go.mod h1:B3dUg0V6eJesUTi+m27NUkj7n8hdDKYUpxj8f4+TqaQ=
github.com/aws/aws-sdk-go-v2/service/internal/endpoint-discovery v1.9.2 h1:3tS2g6P3N+Wz64e9aNx7X4BCWN/gT9MUvIuv5l2eoho=
github.com/aws/aws-sdk-go-v2/service/internal/endpoint-discovery v1.9.2/go.mod h1:1Pf5vPqk8t9pdYB3dmUMRE/0m8u0IHHg8ESSiutJd0I=
github.com/aws/aws-sdk-go-v2/service/internal/presigned-url v1.9.22/go.mod h1:xt0Au8yPIwYXf/GYPy/vl4K3CgwhfQMYbrH7DlUUIws=
github.com/aws/aws-sdk-go-v2/service/internal/presigned-url v1.9.35 h1:CdzPW9kKitgIiLV1+MHobfR5Xg25iYnyzWZhyQuSlDI=
github.com/aws/aws-sdk-go-v2/service/internal/presigned-url v1.9.35/go.mod h1:QGF2Rs33W5MaN9gYdEQOBBFPLwTZkEhRwI33f7KIG0o=
github.com/aws/aws-sdk-go-v2/service/internal/presigned-url v1.11.2 h1:5ffmXjPtwRExp1zc7gENLgCPyHFbhEPwVTkTiH9niSk=
github.com/aws/aws-sdk-go-v2/service/internal/presigned-url v1.11.2/go.mod h1:Ru7vg1iQ7cR4i7SZ/JTLYN9kaXtbL69UdgG0OQWQxW0=
github.com/aws/aws-sdk-go-v2/service/internal/s3shared v1.15.4 h1:v0jkRigbSD6uOdwcaUQmgEwG1BkPfAPDqaeNt/29ghg=
github.com/aws/aws-sdk-go-v2/service/internal/s3shared v1.15.4/go.mod h1:LhTyt8J04LL+9cIt7pYJ5lbS/U98ZmXovLOR/4LUsk8=
github.com/aws/aws-sdk-go-v2/service/internal/s3shared v1.17.2 h1:1oY1AVEisRI4HNuFoLdRUB0hC63ylDAN6Me3MrfclEg=
github.com/aws/aws-sdk-go-v2/service/internal/s3shared v1.17.2/go.mod h1:KZ03VgvZwSjkT7fOetQ/wF3MZUvYFirlI1H5NklUNsY=
github.com/aws/aws-sdk-go-v2/service/s3 v1.38.5 h1:A42xdtStObqy7NGvzZKpnyNXvoOmm+FENobZ0/ssHWk=
github.com/aws/aws-sdk-go-v2/service/s3 v1.38.5/go.mod h1:rDGMZA7f4pbmTtPOk5v5UM2lmX6UAbRnMDJeDvnH7AM=
github.com/aws/aws-sdk-go-v2/service/s3 v1.51.1 h1:juZ+uGargZOrQGNxkVHr9HHR/0N+Yu8uekQnV7EAVRs=
github.com/aws/aws-sdk-go-v2/service/s3 v1.51.1/go.mod h1:SoR0c7Jnq8Tpmt0KSLXIavhjmaagRqQpe9r70W3POJg=
github.com/aws/aws-sdk-go-v2/service/ses v1.16.6 h1:Ot+RN0gSzcAXDhxXMNnpbIWIX1xPMY1D5PY28yjFI04=
github.com/aws/aws-sdk-go-v2/service/ses v1.16.6/go.mod h1:2DezZ88AkYPNf3Qxf79s8bneDLzATTGVGD4Htjcyw8Y=
github.com/aws/aws-sdk-go-v2/service/ses v1.22.1 h1:FOkVxvctmbFpp9QYyu6tcDsRa8ZXM1EuozwoKG0OnOM=
github.com/aws/aws-sdk-go-v2/service/ses v1.22.1/go.mod h1:jAAwtV9eq69pttQ8d24aQh+JD4RgotYZaz/XvvEJ5bI=
github.com/aws/aws-sdk-go-v2/service/sns v1.21.5 h1:KI6xffjUcP3KgpJEtKefQL8B7AXFqyAXkVw8SyvT/o8=
github.com/aws/aws-sdk-go-v2/service/sns v1.21.5/go.mod h1:eEjNDG7Y1BH7Ci9qKVH2L02se84z5GPCqXKcqEUpnXg=
github.com/aws/aws-sdk-go-v2/service/sns v1.29.1 h1:K2FiR/547lI9vGuDL0Ghin4QPSEvOKxbHY9aXFq8wfU=
github.com/aws/aws-sdk-go-v2/service/sns v1.29.1/go.mod h1:PBmfgVv83oBgZVFhs/+oWsL6r0hLyB6qHRFEWwHyHn4=
github.com/aws/aws-sdk-go-v2/service/sqs v1.24.5 h1:RyDpTOMEJO6ycxw1vU/6s0KLFaH3M0z/z9gXHSndPTk=
github.com/aws/aws-sdk-go-v2/service/sqs v1.24.5/go.mod h1:RZBu4jmYz3Nikzpu/VuVvRnTEJ5a+kf36WT2fcl5Q+Q=
github.com/aws/aws-sdk-go-v2/service/sqs v1.31.1 h1:124rVNP6NbCfBZwiX1kfjMQrnsJtnpKeB0GalkuqSXo=
github.com/aws/aws-sdk-go-v2/service/sqs v1.31.1/go.mod h1:YijRvM1SAmuiIQ9pjfwahIEE3HMHUkx9P5oplL/Jnj4=
github.com/aws/aws-sdk-go-v2/service/sso v1.12.1 h1:lQKN/LNa3qqu2cDOQZybP7oL4nMGGiFqob0jZJaR8/4=
github.com/aws/aws-sdk-go-v2/service/sso v1.12.1/go.mod h1:IgV8l3sj22nQDd5qcAGY0WenwCzCphqdbFOpfktZPrI=
github.com/aws/aws-sdk-go-v2/service/ssooidc v1.14.1 h1:0bLhH6DRAqox+g0LatcjGKjjhU6Eudyys6HB6DJVPj8=
github.com/aws/aws-sdk-go-v2/service/ssooidc v1.14.1/go.mod h1:O1YSOg3aekZibh2SngvCRRG+cRHKKlYgxf/JBF/Kr/k=
github.com/aws/aws-sdk-go-v2/service/sts v1.18.3 h1:s49mSnsBZEXjfGBkRfmK+nPqzT7Lt3+t2SmAKNyHblw=
github.com/aws/aws-sdk-go-v2/service/sts v1.18.3/go.mod h1:b+psTJn33Q4qGoDaM7ZiOVVG8uVjGI6HaZ8WBHdgDgU=
github.com/aws/smithy-go v1.13.5/go.mod h1:Tg+OJXh4MB2R/uN61Ko2f6hTZwB/ZYGOtib8J3gBHzA=
github.com/aws/smithy-go v1.14.2 h1:MJU9hqBGbvWZdApzpvoF2WAIJDbtjK2NDJSiJP7HblQ=
github.com/aws/smithy-go v1.14.2/go.mod h1:Tg+OJXh4MB2R/uN61Ko2f6hTZwB/ZYGOtib8J3gBHzA=
github.com/aws/smithy-go v1.20.1 h1:4SZlSlMr36UEqC7XOyRVb27XMeZubNcBNN+9IgEPIQw=
github.com/aws/smithy-go v1.20.1/go.mod h1:krry+ya/rV9RDcV/Q16kpu6ypI4K2czasz0NC3qS14E=
github.com/davecgh/go-spew v1.1.0/go.mod h1:J7Y8YcW2NihsgmVo/mv3lAwl/skON4iLHjSsI+c5H38=
github.com/davecgh/go-spew v1.1.1 h1:vj9j/u1bqnvCEfJOwUhtlOARqs3+rkHYY13jYWTU97c=
github.com/davecgh/go-spew v1.1.1/go.mod h1:J7Y8YcW2NihsgmVo/mv3lAwl/skON4iLHjSsI+c5H38=
github.com/golang/protobuf v1.5.0/go.mod h1:FsONVRAS9T7sI+LIUmWTfcYkHO4aIWwzhcaSAoJOfIk=
github.com/golang/protobuf v1.5.3 h1:KhyjKVUg7Usr/dYsdSqoFveMYd5ko72D+zANwlG1mmg=
github.com/golang/protobuf v1.5.3/go.mod h1:XVQd3VNwM+JqD3oG2Ue2ip4fOMUkwXdXDdiuN0vRsmY=
github.com/google/go-cmp v0.5.5/go.mod h1:v8dTdLbMG2kIc/vJvl+f65V22dbkXbowE6jgT/gNBxE=
github.com/google/go-cmp v0.5.8/go.mod h1:17dUlkBOakJ0+DkrSSNjCkIjxS6bF9zb3elmeNGIjoY=
github.com/google/go-cmp v0.5.9 h1:O2Tfq5qg4qc4AmwVlvv0oLiVAGB7enBSJ2x2DqQFi38=
github.com/google/go-cmp v0.5.9/go.mod h1:17dUlkBOakJ0+DkrSSNjCkIjxS6bF9zb3elmeNGIjoY=
github.com/google/go-cmp v0.6.0 h1:ofyhxvXcZhMsU5ulbFiLKl/XBFqE1GSq7atu8tAmTRI=
github.com/google/go-cmp v0.6.0/go.mod h1:17dUlkBOakJ0+DkrSSNjCkIjxS6bF9zb3elmeNGIjoY=
github.com/google/uuid v1.3.1 h1:KjJaJ9iWZ3jOFZIf1Lqf4laDRCasjl0BCmnEGxkdLb4=
github.com/google/uuid v1.3.1/go.mod h1:TIyPZe4MgqvfeYDBFedMoGGpEw/LqOeaOT+nhxU+yHo=
github.com/google/uuid v1.6.0 h1:NIvaJDMOsjHA8n1jAhLSgzrAzy1Hgr+hNrb57e+94F0=
github.com/google/uuid v1.6.0/go.mod h1:TIyPZe4MgqvfeYDBFedMoGGpEw/LqOeaOT+nhxU+yHo=
github.com/jmespath/go-jmespath v0.4.0 h1:BEgLn5cpjn8UN1mAw4NjwDrS35OdebyEtFe+9YPoQUg=
github.com/jmespath/go-jmespath v0.4.0/go.mod h1:T8mJZnbsbmF+m6zOOFylbeCJqk5+pHWvzYPziyZiYoo=
github.com/jmespath/go-jmespath/internal/testify v1.5.1 h1:shLQSRRSCCPj3f2gpwzGwWFoC7ycTf1rcQZHOlsJ6N8=
github.com/jmespath/go-jmespath/internal/testify v1.5.1/go.mod h1:L3OGu8Wl2/fWfCI6z80xFu9LTZmf1ZRjMHUOPmWr69U=
github.com/natefinch/lumberjack/v3 v3.0.0-alpha h1:HZ2AJF20D1lo9S0F/rpgkFbPGam5dgR3X0KUtZA5mlY=
github.com/natefinch/lumberjack/v3 v3.0.0-alpha/go.mod h1:rPTlHhMjhrvPAhqKh0FC57E0pXZoanrXgMDj4yv5wcM=
github.com/pmezard/go-difflib v1.0.0 h1:4DBwDE0NGyQoBHbLQYPwSUPoCMWR5BEzIk/f1lZbAQM=
github.com/pmezard/go-difflib v1.0.0/go.mod h1:iKH77koFhYxTK1pcRnkKkqfTogsbg7gZNVY4sRDYZ/4=
github.com/stretchr/objx v0.1.0/go.mod h1:HFkY916IF+rwdDfMAkV7OtwuqBVzrE8GR6GFx+wExME=
github.com/stretchr/objx v0.4.0/go.mod h1:YvHI0jy2hoMjB+UWwv71VJQ9isScKT/TqJzVSSt89Yw=
github.com/stretchr/objx v0.5.0/go.mod h1:Yh+to48EsGEfYuaHDzXPcE3xhTkx73EhmCGUpEOglKo=
github.com/stretchr/testify v1.7.1/go.mod h1:6Fq8oRcR53rry900zMqJjRRixrwX3KX962/h/Wwjteg=
github.com/stretchr/testify v1.8.0/go.mod h1:yNjHg4UonilssWZ8iaSj1OCr/vHnekPRkoO+kdMU+MU=
github.com/stretchr/testify v1.8.1 h1:w7B6lhMri9wdJUVmEZPGGhZzrYTPvgJArz7wNPgYKsk=
github.com/stretchr/testify v1.8.1/go.mod h1:w2LPCIKwWwSfY2zedu0+kehJoqGctiVI29o6fzry7u4=
go.olapie.com/logs v0.2.3 h1:GrA3z+ES2EzywpJoQiyr+UR50EXGABzFML6mNecJfwM=
go.olapie.com/logs v0.2.3/go.mod h1:gjT9mMN8H/1uVA6cuikjJ5V7xCodsYgciMl9F9Ldu54=
go.olapie.com/logs v0.2.4 h1:U1HSl3VGzX91z9cHGA4CGgLbO3bTEinpmnzBjFqOsHM=
go.olapie.com/logs v0.2.4/go.mod h1:gjT9mMN8H/1uVA6cuikjJ5V7xCodsYgciMl9F9Ldu54=
go.olapie.com/ola v0.5.4 h1:FiiMdPwmRNaapEO5sqL6WHT0FREAAh3v3Lx+eAnVOaI=
go.olapie.com/ola v0.5.4/go.mod h1:DvAdrwN6v76HOPvv7mT/gG25SKtGEM7CatvuHcZ3ZKU=
go.olapie.com/ola v0.7.9 h1:0sAQudr0tmO4dVT2gC5LWJE5/LGIozKgGXOYPE366Cs=
go.olapie.com/ola v0.7.9/go.mod h1:DvAdrwN6v76HOPvv7mT/gG25SKtGEM7CatvuHcZ3ZKU=
go.olapie.com/router v1.1.2 h1:VcpdtLxgDXMYiVrs5SftCZ37zpVijJW8poi4kydX4sc=
go.olapie.com/router v1.1.2/go.mod h1:AxZeMu1paaIDP2akBi1xc2GRUl4OGiTXOKjS51vgwes=
go.olapie.com/security v0.1.2 h1:p276d7h4GhXnWPylu4889fH2x3j4pU/fE2KB2XuoDKk=
go.olapie.com/security v0.1.2/go.mod h1:ryc8zwqtRu6CxVG634+yHM+82BPwvmlwuzTQWQbl0VU=
go.olapie.com/security v0.2.2 h1:A8A07Nf9ikzZssCWPf5fZF6k2QPsh4Rbtg5Bb+jZWrY=
go.olapie.com/security v0.2.2/go.mod h1:NvOu7H7TFc2TBMLKroaagYzPSU8ztTCFvQbRDBD3ZtI=
go.olapie.com/utils v0.4.2 h1:vcMyoOeUhR15kZfT4th3FRpOgSGmLqunR57n4tpsgZw=
go.olapie.com/utils v0.4.2/go.mod h1:iJngFrmvZmzCKS9cgNyJoFwTXQ+Y6EYHNPNPjqbiB7Y=
go.olapie.com/utils v0.4.10 h1:hqCSz2K3L94W3gyMDgWAg9VF67vV9qvG5S0xZJrz6i8=
go.olapie.com/utils v0.4.10/go.mod h1:iJngFrmvZmzCKS9cgNyJoFwTXQ+Y6EYHNPNPjqbiB7Y=
golang.org/x/crypto v0.12.0 h1:tFM/ta59kqch6LlvYnPa0yx5a83cL2nHflFhYKvv9Yk=
golang.org/x/crypto v0.12.0/go.mod h1:NF0Gs7EO5K4qLn+Ylc+fih8BSTeIjAP05siRnAh98yw=
golang.org/x/crypto v0.20.0 h1:jmAMJJZXr5KiCw05dfYK9QnqaqKLYXijU23lsEdcQqg=
golang.org/x/crypto v0.20.0/go.mod h1:Xwo95rrVNIoSMx9wa1JroENMToLWn3RNVrTBpLHgZPQ=
golang.org/x/exp v0.0.0-20230817173708-d852ddb80c63 h1:m64FZMko/V45gv0bNmrNYoDEq8U5YUhetc9cBWKS1TQ=
golang.org/x/exp v0.0.0-20230817173708-d852ddb80c63/go.mod h1:0v4NqG35kSWCMzLaMeX+IQrlSnVE/bqGSyC2cz/9Le8=
golang.org/x/exp v0.0.0-20240222234643-814bf88cf225 h1:LfspQV/FYTatPTr/3HzIcmiUFH7PGP+OQ6mgDYo3yuQ=
golang.org/x/exp v0.0.0-20240222234643-814bf88cf225/go.mod h1:CxmFvTBINI24O/j8iY7H1xHzx2i4OsyguNBmN/uPtqc=
golang.org/x/sys v0.11.0 h1:eG7RXZHdqOJ1i+0lgLgCpSXAp6M3LYlAo6osgSi0xOM=
golang.org/x/sys v0.11.0/go.mod h1:oPkhp1MJrh7nUepCBck5+mAzfO9JrbApNNgaTdGDITg=
golang.org/x/sys v0.17.0 h1:25cE3gD+tdBA7lp7QfhuV+rJiE9YXTcS3VG1SqssI/Y=
golang.org/x/sys v0.17.0/go.mod h1:/VUhepiaJMQUp4+oa/7Zr1D23ma6VTLIYjOOTFZPUcA=
golang.org/x/term v0.11.0 h1:F9tnn/DA/Im8nCwm+fX+1/eBwi4qFjRT++MhtVC4ZX0=
golang.org/x/term v0.11.0/go.mod h1:zC9APTIj3jG3FdV/Ons+XE1riIZXG4aZ4GTHiPZJPIU=
golang.org/x/term v0.17.0 h1:mkTF7LCd6WGJNL3K1Ad7kwxNfYAW6a8a8QqtMblp/4U=
golang.org/x/term v0.17.0/go.mod h1:lLRBjIVuehSbZlaOtGMbcMncT+aqLLLmKrsjNrUguwk=
golang.org/x/text v0.12.0 h1:k+n5B8goJNdU7hSvEtMUz3d1Q6D/XW4COJSJR6fN0mc=
golang.org/x/text v0.12.0/go.mod h1:TvPlkZtksWOMsz7fbANvkp4WM8x/WCo/om8BMLbz+aE=
golang.org/x/text v0.14.0 h1:ScX5w1eTa3QqT8oi6+ziP7dTV1S2+ALU0bI+0zXKWiQ=
golang.org/x/text v0.14.0/go.mod h1:18ZOQIKpY8NJVqYksKHtTdi31H5itFRjB5/qKTNYzSU=
golang.org/x/xerrors v0.0.0-20191204190536-9bdfabe68543/go.mod h1:I/5z698sn9Ka8TeJc9MKroUUfqBBauWjQqLJ2OPfmY0=
google.golang.org/genproto/googleapis/rpc v0.0.0-20240227224415-6ceb2ff114de h1:cZGRis4/ot9uVm639a+rHCUaG0JJHEsdyzSQTMX+suY=
google.golang.org/genproto/googleapis/rpc v0.0.0-20240227224415-6ceb2ff114de/go.mod h1:H4O17MA/PE9BsGx3w+a+W2VOLLD1Qf7oJneAoU6WktY=
google.golang.org/grpc v1.57.0 h1:kfzNeI/klCGD2YPMUlaGNT3pxvYfga7smW3Vth8Zsiw=
google.golang.org/grpc v1.57.0/go.mod h1:Sd+9RMTACXwmub0zcNY2c4arhtrbBYD1AUHI/dt16Mo=
google.golang.org/grpc v1.62.0 h1:HQKZ/fa1bXkX1oFOvSjmZEUL8wLSaZTjCcLAlmZRtdk=
google.golang.org/grpc v1.62.0/go.mod h1:IWTG0VlJLCh1SkC58F7np9ka9mx/WNkjl4PGJaiq+QE=
google.golang.org/protobuf v1.26.0-rc.1/go.mod h1:jlhhOSvTdKEhbULTjvd4ARK9grFBp09yW+WbY/TyQbw=
google.golang.org/protobuf v1.26.0/go.mod h1:9q0QmTI4eRPtz6boOQmLYwt+qCgq0jsYwAQnmE0givc=
google.golang.org/protobuf v1.31.0 h1:g0LDEJHgrBl9N9r17Ru3sqWhkIx2NB67okBHPwC7hs8=
google.golang.org/protobuf v1.31.0/go.mod h1:HV8QOd/L58Z+nl8r43ehVNZIU/HEI6OcFqwMG9pJV4I=
google.golang.org/protobuf v1.32.0 h1:pPC6BG5ex8PDFnkbrGU3EixyhKcQ2aDuBS36lqK/C7I=
google.golang.org/protobuf v1.32.0/go.mod h1:c6P6GXX6sHbq/GpV6MGZEdwhWPcYBgnhAHhKbcUYpos=
gopkg.in/check.v1 v0.0.0-20161208181325-20d25e280405 h1:yhCVgyC4o1eVCa2tZl7eS0r+SDo693bJlVdllGtEeKM=
gopkg.in/check.v1 v0.0.0-20161208181325-20d25e280405/go.mod h1:Co6ibVJAznAaIkqp8huTwlJQCZ016jof/cbN4VW5Yz0=
gopkg.in/yaml.v2 v2.2.8 h1:obN1ZagJSUGI0Ek/LBmuj4SNLPfIny3KsKFopxRdj10=
gopkg.in/yaml.v2 v2.2.8/go.mod h1:hI93XBmqTisBFMUTm0b8Fm+jr3Dg1NNxqwp+5A1VGuI=
gopkg.in/yaml.v3 v3.0.0-20200313102051-9f266ea9e77c/go.mod h1:K4uyk7z7BCEPqu6E+C64Yfv1cQ7kz7rIZviUmN+EgEM=
gopkg.in/yaml.v3 v3.0.1 h1:fxVm/GzAzEWqLHuvctI91KS9hhNmmWOoWu0XTYJS7CA=
gopkg.in/yaml.v3 v3.0.1/go.mod h1:K4uyk7z7BCEPqu6E+C64Yfv1cQ7kz7rIZviUmN+EgEM=
