github.com/aws/aws-lambda-go v1.47.0 h1:0H8s0vumYx/YKs4sE7YM0ktwL2eWse+kfopsRI1sXVI=
github.com/aws/aws-lambda-go v1.47.0/go.mod h1:dpMpZgvWx5vuQJfBt0zqBha60q7Dd7RfgJv23DymV8A=
github.com/aws/aws-sdk-go-v2 v1.17.4/go.mod h1:uzbQtefpm44goOPmdKyAlXSNcwlRgF3ePWVW6EtJvvw=
github.com/aws/aws-sdk-go-v2 v1.27.0 h1:7bZWKoXhzI+mMR/HjdMx8ZCC5+6fY0lS5tr0bbgiLlo=
github.com/aws/aws-sdk-go-v2 v1.27.0/go.mod h1:ffIFB97e2yNsv4aTSGkqtHnppsIJzw7G7BReUZ3jCXM=
github.com/aws/aws-sdk-go-v2/aws/protocol/eventstream v1.6.2 h1:x6xsQXGSmW6frevwDA+vi/wqhp1ct18mVXYN08/93to=
github.com/aws/aws-sdk-go-v2/aws/protocol/eventstream v1.6.2/go.mod h1:lPprDr1e6cJdyYeGXnRaJoP4Md+cDBvi2eOj00BlGmg=
github.com/aws/aws-sdk-go-v2/config v1.18.12 h1:fKs/I4wccmfrNRO9rdrbMO1NgLxct6H9rNMiPdBxHWw=
github.com/aws/aws-sdk-go-v2/config v1.18.12/go.mod h1:J36fOhj1LQBr+O4hJCiT8FwVvieeoSGOtPuvhKlsNu8=
github.com/aws/aws-sdk-go-v2/credentials v1.13.12 h1:Cb+HhuEnV19zHRaYYVglwvdHGMJWbdsyP4oHhw04xws=
github.com/aws/aws-sdk-go-v2/credentials v1.13.12/go.mod h1:37HG2MBroXK3jXfxVGtbM2J48ra2+Ltu+tmwr/jO0KA=
github.com/aws/aws-sdk-go-v2/feature/dynamodb/attributevalue v1.13.20 h1:Tb9z3/GkyjD16ngZBZjOAsOXvKSkBKahQm37SCxOXhY=
github.com/aws/aws-sdk-go-v2/feature/dynamodb/attributevalue v1.13.20/go.mod h1:43wfYl5jBLYjUoZcmW4OzbXKe38VvaMYNXp2+oIwREg=
github.com/aws/aws-sdk-go-v2/feature/dynamodb/expression v1.7.20 h1:AvAKoZa3S2K/Z/H1wC3Qjfuk8r0wYybPppahzoDfD4s=
github.com/aws/aws-sdk-go-v2/feature/dynamodb/expression v1.7.20/go.mod h1:Yx3vUgyvGqLzyKvViwxwOHHnO5/8r0UYjgIHToEY+Ys=
github.com/aws/aws-sdk-go-v2/feature/ec2/imds v1.12.22 h1:3aMfcTmoXtTZnaT86QlVaYh+BRMbvrrmZwIQ5jWqCZQ=
github.com/aws/aws-sdk-go-v2/feature/ec2/imds v1.12.22/go.mod h1:YGSIJyQ6D6FjKMQh16hVFSIUD54L4F7zTGePqYMYYJU=
github.com/aws/aws-sdk-go-v2/internal/configsources v1.1.28/go.mod h1:3lwChorpIM/BhImY/hy+Z6jekmN92cXGPI1QJasVPYY=
github.com/aws/aws-sdk-go-v2/internal/configsources v1.3.7 h1:lf/8VTF2cM+N4SLzaYJERKEWAXq8MOMpZfU6wEPWsPk=
github.com/aws/aws-sdk-go-v2/internal/configsources v1.3.7/go.mod h1:4SjkU7QiqK2M9oozyMzfZ/23LmUY+h3oFqhdeP5OMiI=
github.com/aws/aws-sdk-go-v2/internal/endpoints/v2 v2.4.22/go.mod h1:EqK7gVrIGAHyZItrD1D8B0ilgwMD1GiWAmbU4u/JHNk=
github.com/aws/aws-sdk-go-v2/internal/endpoints/v2 v2.6.7 h1:4OYVp0705xu8yjdyoWix0r9wPIRXnIzzOoUpQVHIJ/g=
github.com/aws/aws-sdk-go-v2/internal/endpoints/v2 v2.6.7/go.mod h1:vd7ESTEvI76T2Na050gODNmNU7+OyKrIKroYTu4ABiI=
github.com/aws/aws-sdk-go-v2/internal/ini v1.3.29 h1:J4xhFd6zHhdF9jPP0FQJ6WknzBboGMBNjKOv4iTuw4A=
github.com/aws/aws-sdk-go-v2/internal/ini v1.3.29/go.mod h1:TwuqRBGzxjQJIwH16/fOZodwXt2Zxa9/cwJC5ke4j7s=
github.com/aws/aws-sdk-go-v2/internal/v4a v1.3.7 h1:/FUtT3xsoHO3cfh+I/kCbcMCN98QZRsiFet/V8QkWSs=
github.com/aws/aws-sdk-go-v2/internal/v4a v1.3.7/go.mod h1:MaCAgWpGooQoCWZnMur97rGn5dp350w2+CeiV5406wE=
github.com/aws/aws-sdk-go-v2/service/dynamodb v1.32.6 h1:170E8A7abwLNy8wF53Wu496IaIlQ+DYQLgCbTqhYf/M=
github.com/aws/aws-sdk-go-v2/service/dynamodb v1.32.6/go.mod h1:uNhUf9Z3MT6Ex+u0ADa8r3MKK5zjuActEfXQPo4YqEI=
github.com/aws/aws-sdk-go-v2/service/dynamodbstreams v1.20.8 h1:PapW7iWHqua6Gk+qRjgXpM3fNqUxY3N+1WURHPcmKhc=
github.com/aws/aws-sdk-go-v2/service/dynamodbstreams v1.20.8/go.mod h1:IL6qnQxrc/qIjwzeg7USP3P7ySEehOPpXJslRbXNYJ4=
github.com/aws/aws-sdk-go-v2/service/internal/accept-encoding v1.11.2 h1:Ji0DY1xUsUr3I8cHps0G+XM3WWU16lP6yG8qu1GAZAs=
github.com/aws/aws-sdk-go-v2/service/internal/accept-encoding v1.11.2/go.mod h1:5CsjAbs3NlGQyZNFACh+zztPDI7fU6eW9QsxjfnuBKg=
github.com/aws/aws-sdk-go-v2/service/internal/checksum v1.3.9 h1:UXqEWQI0n+q0QixzU0yUUQBZXRd5037qdInTIHFTl98=
github.com/aws/aws-sdk-go-v2/service/internal/checksum v1.3.9/go.mod h1:xP6Gq6fzGZT8w/ZN+XvGMZ2RU1LeEs7b2yUP5DN8NY4=
github.com/aws/aws-sdk-go-v2/service/internal/endpoint-discovery v1.9.8 h1:yEeIld7Fh/2iM4pYeQw8a3kH6OYcyIn6lwKlUFiVk7Y=
github.com/aws/aws-sdk-go-v2/service/internal/endpoint-discovery v1.9.8/go.mod h1:lZJMX2Z5/rQ6OlSbBnW1WWScK6ngLt43xtqM8voMm2w=
github.com/aws/aws-sdk-go-v2/service/internal/presigned-url v1.9.22/go.mod h1:xt0Au8yPIwYXf/GYPy/vl4K3CgwhfQMYbrH7DlUUIws=
github.com/aws/aws-sdk-go-v2/service/internal/presigned-url v1.11.9 h1:Wx0rlZoEJR7JwlSZcHnEa7CNjrSIyVxMFWGAaXy4fJY=
github.com/aws/aws-sdk-go-v2/service/internal/presigned-url v1.11.9/go.mod h1:aVMHdE0aHO3v+f/iw01fmXV/5DbfQ3Bi9nN7nd9bE9Y=
github.com/aws/aws-sdk-go-v2/service/internal/s3shared v1.17.7 h1:uO5XR6QGBcmPyo2gxofYJLFkcVQ4izOoGDNenlZhTEk=
github.com/aws/aws-sdk-go-v2/service/internal/s3shared v1.17.7/go.mod h1:feeeAYfAcwTReM6vbwjEyDmiGho+YgBhaFULuXDW8kc=
github.com/aws/aws-sdk-go-v2/service/s3 v1.54.3 h1:57NtjG+WLims0TxIQbjTqebZUKDM03DfM11ANAekW0s=
github.com/aws/aws-sdk-go-v2/service/s3 v1.54.3/go.mod h1:739CllldowZiPPsDFcJHNF4FXrVxaSGVnZ9Ez9Iz9hc=
github.com/aws/aws-sdk-go-v2/service/ses v1.22.9 h1:PCKzjZiusiIDUkbc3vXq1KsHleIYxfUEtSqO+TpWQU4=
github.com/aws/aws-sdk-go-v2/service/ses v1.22.9/go.mod h1:qPKQ6sRnlNj8HrPbMdEVMNNX9nxyNGQMII63JAUtiuw=
github.com/aws/aws-sdk-go-v2/service/sns v1.29.8 h1:CQicXbvanE/nn+MJQVuDzBplQSFj7M+gLLtArzDVZS4=
github.com/aws/aws-sdk-go-v2/service/sns v1.29.8/go.mod h1:oP1vkszM8xdAqHMdBstE5TF3xc+yHwQYrAvkNharymc=
github.com/aws/aws-sdk-go-v2/service/sqs v1.32.3 h1:K0kIvRVzlVB/7onxMnRoqJkBqRdukIeaQ5GwGAmzggM=
github.com/aws/aws-sdk-go-v2/service/sqs v1.32.3/go.mod h1:xPN9AEzpZ3Ny+HpzsyLBrdXoTFOz7tig6xuYOQ3A0bQ=
github.com/aws/aws-sdk-go-v2/service/sso v1.12.1 h1:lQKN/LNa3qqu2cDOQZybP7oL4nMGGiFqob0jZJaR8/4=
github.com/aws/aws-sdk-go-v2/service/sso v1.12.1/go.mod h1:IgV8l3sj22nQDd5qcAGY0WenwCzCphqdbFOpfktZPrI=
github.com/aws/aws-sdk-go-v2/service/ssooidc v1.14.1 h1:0bLhH6DRAqox+g0LatcjGKjjhU6Eudyys6HB6DJVPj8=
github.com/aws/aws-sdk-go-v2/service/ssooidc v1.14.1/go.mod h1:O1YSOg3aekZibh2SngvCRRG+cRHKKlYgxf/JBF/Kr/k=
github.com/aws/aws-sdk-go-v2/service/sts v1.18.3 h1:s49mSnsBZEXjfGBkRfmK+nPqzT7Lt3+t2SmAKNyHblw=
github.com/aws/aws-sdk-go-v2/service/sts v1.18.3/go.mod h1:b+psTJn33Q4qGoDaM7ZiOVVG8uVjGI6HaZ8WBHdgDgU=
github.com/aws/smithy-go v1.13.5/go.mod h1:Tg+OJXh4MB2R/uN61Ko2f6hTZwB/ZYGOtib8J3gBHzA=
github.com/aws/smithy-go v1.20.2 h1:tbp628ireGtzcHDDmLT/6ADHidqnwgF57XOXZe6tp4Q=
github.com/aws/smithy-go v1.20.2/go.mod h1:krry+ya/rV9RDcV/Q16kpu6ypI4K2czasz0NC3qS14E=
github.com/davecgh/go-spew v1.1.0/go.mod h1:J7Y8YcW2NihsgmVo/mv3lAwl/skON4iLHjSsI+c5H38=
github.com/davecgh/go-spew v1.1.1 h1:vj9j/u1bqnvCEfJOwUhtlOARqs3+rkHYY13jYWTU97c=
github.com/davecgh/go-spew v1.1.1/go.mod h1:J7Y8YcW2NihsgmVo/mv3lAwl/skON4iLHjSsI+c5H38=
github.com/google/go-cmp v0.5.8/go.mod h1:17dUlkBOakJ0+DkrSSNjCkIjxS6bF9zb3elmeNGIjoY=
github.com/google/go-cmp v0.6.0 h1:ofyhxvXcZhMsU5ulbFiLKl/XBFqE1GSq7atu8tAmTRI=
github.com/google/go-cmp v0.6.0/go.mod h1:17dUlkBOakJ0+DkrSSNjCkIjxS6bF9zb3elmeNGIjoY=
github.com/google/uuid v1.6.0 h1:NIvaJDMOsjHA8n1jAhLSgzrAzy1Hgr+hNrb57e+94F0=
github.com/google/uuid v1.6.0/go.mod h1:TIyPZe4MgqvfeYDBFedMoGGpEw/LqOeaOT+nhxU+yHo=
github.com/jmespath/go-jmespath v0.4.0 h1:BEgLn5cpjn8UN1mAw4NjwDrS35OdebyEtFe+9YPoQUg=
github.com/jmespath/go-jmespath v0.4.0/go.mod h1:T8mJZnbsbmF+m6zOOFylbeCJqk5+pHWvzYPziyZiYoo=
github.com/jmespath/go-jmespath/internal/testify v1.5.1 h1:shLQSRRSCCPj3f2gpwzGwWFoC7ycTf1rcQZHOlsJ6N8=
github.com/jmespath/go-jmespath/internal/testify v1.5.1/go.mod h1:L3OGu8Wl2/fWfCI6z80xFu9LTZmf1ZRjMHUOPmWr69U=
github.com/pmezard/go-difflib v1.0.0 h1:4DBwDE0NGyQoBHbLQYPwSUPoCMWR5BEzIk/f1lZbAQM=
github.com/pmezard/go-difflib v1.0.0/go.mod h1:iKH77koFhYxTK1pcRnkKkqfTogsbg7gZNVY4sRDYZ/4=
github.com/stretchr/objx v0.1.0/go.mod h1:HFkY916IF+rwdDfMAkV7OtwuqBVzrE8GR6GFx+wExME=
github.com/stretchr/objx v0.4.0/go.mod h1:YvHI0jy2hoMjB+UWwv71VJQ9isScKT/TqJzVSSt89Yw=
github.com/stretchr/objx v0.5.0/go.mod h1:Yh+to48EsGEfYuaHDzXPcE3xhTkx73EhmCGUpEOglKo=
github.com/stretchr/testify v1.7.1/go.mod h1:6Fq8oRcR53rry900zMqJjRRixrwX3KX962/h/Wwjteg=
github.com/stretchr/testify v1.8.0/go.mod h1:yNjHg4UonilssWZ8iaSj1OCr/vHnekPRkoO+kdMU+MU=
github.com/stretchr/testify v1.8.1 h1:w7B6lhMri9wdJUVmEZPGGhZzrYTPvgJArz7wNPgYKsk=
github.com/stretchr/testify v1.8.1/go.mod h1:w2LPCIKwWwSfY2zedu0+kehJoqGctiVI29o6fzry7u4=
go.olapie.com/naming v0.3.0 h1:RbECxGQsYJzjYaWYhxXL1mesqmbyvQmHu/GJmhbauUQ=
go.olapie.com/naming v0.3.0/go.mod h1:dpA2OFjxkysG5ZxlqlzEsybisd2qxsgxOdXYiLm0wS8=
go.olapie.com/router v1.1.2 h1:VcpdtLxgDXMYiVrs5SftCZ37zpVijJW8poi4kydX4sc=
go.olapie.com/router v1.1.2/go.mod h1:AxZeMu1paaIDP2akBi1xc2GRUl4OGiTXOKjS51vgwes=
go.olapie.com/x/xbase62 v0.1.1 h1:NavMU+vgqWAty2nyKCmTa7SpWyIDdzrbegQbo/1E2YY=
go.olapie.com/x/xbase62 v0.1.1/go.mod h1:Yx8CATE0o5UOF3bnSo+TbXvhnJKZT27AlSbvly4I0qI=
go.olapie.com/x/xcontext v0.1.4 h1:JOqauJisHeaXS9w+HcdA5dMUgAy0C92LjOgL2caUGTE=
go.olapie.com/x/xcontext v0.1.4/go.mod h1:/OJW2Si+zIXoeEW4RjTp0+biY5L0XLpjt850JmzmOak=
go.olapie.com/x/xconv v0.1.4 h1:U1kI2jCIw5/+Vju/tczazJDZqsQwf45vKRnjmXagF/8=
go.olapie.com/x/xconv v0.1.4/go.mod h1:Ie8BkWhBM/swD8UU9tJspV9rz96q5YOCoE0/l/BmivM=
go.olapie.com/x/xerror v0.1.4 h1:7cmX/Wp733/EPmcTdtbGzHjO+XQZ0SAnvcEqHxdaHS8=
go.olapie.com/x/xerror v0.1.4/go.mod h1:85rtJrAM8/SOusu0YXK1TYH3kAdufvOLq0btgMrkbrU=
go.olapie.com/x/xhttpheader v0.1.1 h1:cJfQr+SYsWHruIzl/K5UIdEoA0zY4u8JQawDfT60/NE=
go.olapie.com/x/xhttpheader v0.1.1/go.mod h1:x3c9grFWpe2vMW7MnN702sywxLmpa9Pw82g8yb7YwEQ=
go.olapie.com/x/xlog v0.1.2 h1:dqDY1cKIWichJkSJxaKlGELesS7ZyrFz5glNUqRIePs=
go.olapie.com/x/xlog v0.1.2/go.mod h1:4tTaPhl1tN2VXHCQuCe9JvWaMupaS4W00pS/yYbn50I=
go.olapie.com/x/xmime v0.1.0 h1:x9gm9m0xahkmZXkvbL1K+H+w2lSVZ5HcQx42wfJB9L4=
go.olapie.com/x/xmime v0.1.0/go.mod h1:fe6QHFI0by1o9fByAjc6YVRUlRAxH4UY1oasjM9y6kA=
go.olapie.com/x/xreflect v0.1.0 h1:Vls4UpQuj6AVbTW3BqRWBAzvH3Cj3fxsz+q9IxxipVY=
go.olapie.com/x/xreflect v0.1.0/go.mod h1:UspKpQ99/UWVEqbfmyT1syN+DzuKpTJjHVtMv+y2HhA=
go.olapie.com/x/xsession v0.1.1 h1:HKdkXIYUmdsRNje807ki0Sbe1pBmlXs5J/S+YspHzPQ=
go.olapie.com/x/xsession v0.1.1/go.mod h1:jRcfifucuMLUpzn7eGuTJey7TCFKIYRt8uQX7mnROoM=
go.olapie.com/x/xtest v0.1.0 h1:RSpCaCTpFAYlhneaFsdo4Z7saXasRT72otOEUvrmVRk=
go.olapie.com/x/xtest v0.1.0/go.mod h1:VpuunW0086ZFLcZ0Iu8BhjaCSLxjgsvouDgS5zlPIC0=
go.olapie.com/x/xtype v0.3.1 h1:1cxYmj9d24/UhvQEu7poJYtpsnrevefo/3HgpGsQJP4=
go.olapie.com/x/xtype v0.3.1/go.mod h1:eO6L+aYamJzl2IdhY9FuRr6FpMIlPtA4Bq5u/vTdrvg=
golang.org/x/exp v0.0.0-20240530194437-404ba88c7ed0 h1:Mi0bCswbz+9cXmwFAdxoo5GPFMKONUpua6iUdtQS7lk=
golang.org/x/exp v0.0.0-20240530194437-404ba88c7ed0/go.mod h1:XtvwrStGgqGPLc4cjQfWqZHG1YFdYs6swckp8vpsjnc=
golang.org/x/text v0.15.0 h1:h1V/4gjBv8v9cjcR6+AR5+/cIYK5N/WAgiv4xlsEtAk=
golang.org/x/text v0.15.0/go.mod h1:18ZOQIKpY8NJVqYksKHtTdi31H5itFRjB5/qKTNYzSU=
gopkg.in/check.v1 v0.0.0-20161208181325-20d25e280405 h1:yhCVgyC4o1eVCa2tZl7eS0r+SDo693bJlVdllGtEeKM=
gopkg.in/check.v1 v0.0.0-20161208181325-20d25e280405/go.mod h1:Co6ibVJAznAaIkqp8huTwlJQCZ016jof/cbN4VW5Yz0=
gopkg.in/yaml.v2 v2.2.8 h1:obN1ZagJSUGI0Ek/LBmuj4SNLPfIny3KsKFopxRdj10=
gopkg.in/yaml.v2 v2.2.8/go.mod h1:hI93XBmqTisBFMUTm0b8Fm+jr3Dg1NNxqwp+5A1VGuI=
gopkg.in/yaml.v3 v3.0.0-20200313102051-9f266ea9e77c/go.mod h1:K4uyk7z7BCEPqu6E+C64Yfv1cQ7kz7rIZviUmN+EgEM=
gopkg.in/yaml.v3 v3.0.1 h1:fxVm/GzAzEWqLHuvctI91KS9hhNmmWOoWu0XTYJS7CA=
gopkg.in/yaml.v3 v3.0.1/go.mod h1:K4uyk7z7BCEPqu6E+C64Yfv1cQ7kz7rIZviUmN+EgEM=
