code.olapie.com/sugar/v2 v2.3.4 h1:UkAR2gMdxEf24j5kFTOm9SEcpRyHWB9LIwEbPC7XdwY=
code.olapie.com/sugar/v2 v2.3.4/go.mod h1:H4m9CSL4V+i0pZKwurkMHiaSPL4Nfu6sXbOr6ri3fQw=
code.olapie.com/sugar/v2 v2.3.10 h1:KHNLpU+xW1F/1JEop16woKiNQmIWTE4PTow/alKO+8U=
code.olapie.com/sugar/v2 v2.3.10/go.mod h1:H4m9CSL4V+i0pZKwurkMHiaSPL4Nfu6sXbOr6ri3fQw=
github.com/Masterminds/semver/v3 v3.2.0 h1:3MEsd0SM6jqZojhjLWWeBY+Kcjy9i6MQAeY7YgDP83g=
github.com/Masterminds/semver/v3 v3.2.0/go.mod h1:qvl/7zhW3nngYb5+80sSMF+FG2BjYrf8m9wsX0PNOMQ=
github.com/aws/aws-cdk-go/awscdk/v2 v2.61.0 h1:o72xLY3HPuKcr2IYAw4a/2O6oKq2LfaLCQEmMsgzQGs=
github.com/aws/aws-cdk-go/awscdk/v2 v2.61.0/go.mod h1:q+ex2DD7kAiA97R8wz49wL1EzTUbAm8ylh+Wr1daKOE=
github.com/aws/aws-cdk-go/awscdk/v2 v2.64.0 h1:kf89I+RIXGiisIRl8IQCKMFDQpCYZazpbjtaLYJ0Mn4=
github.com/aws/aws-cdk-go/awscdk/v2 v2.64.0/go.mod h1:AGXUejp2NX1qZyaEcPpc56qUdou8DQ4juk1N+VhHkas=
github.com/aws/aws-cdk-go/awscdkapigatewayv2alpha/v2 v2.61.0-alpha.0 h1:aqxoAsJ5jRnnwPWShVG2n/wwiFJby0kO2lR60JOj+34=
github.com/aws/aws-cdk-go/awscdkapigatewayv2alpha/v2 v2.61.0-alpha.0/go.mod h1:F5m+56VznyX4QoMedqXmGLLEKTsDFMcRwb1ByzeSq88=
github.com/aws/aws-cdk-go/awscdkapigatewayv2alpha/v2 v2.64.0-alpha.0 h1:rVct/nkmE8xvsEn3hgdw85GpOVmAUCict4+v+ZnqOoA=
github.com/aws/aws-cdk-go/awscdkapigatewayv2alpha/v2 v2.64.0-alpha.0/go.mod h1:XfNqNrBUVObWSGM/LTJBRJPGYO3E9NAEYI24uoSwKQM=
github.com/aws/aws-cdk-go/awscdkapigatewayv2integrationsalpha/v2 v2.61.0-alpha.0 h1:Ct3nwwfL55ULbUwNVgTiiH+wg/zDuBhFGGhjhkyIO9c=
github.com/aws/aws-cdk-go/awscdkapigatewayv2integrationsalpha/v2 v2.61.0-alpha.0/go.mod h1:hCmq13x5LvkUyVUihFVvMex5p9MpiQSws254+BIFDx8=
github.com/aws/aws-cdk-go/awscdkapigatewayv2integrationsalpha/v2 v2.64.0-alpha.0 h1:qvv2jp93zIvAf65LA9BuX4jwga0Q86kCqzg/43h3iSg=
github.com/aws/aws-cdk-go/awscdkapigatewayv2integrationsalpha/v2 v2.64.0-alpha.0/go.mod h1:d8N5NbcFNkaFOpPepXZ382sPP1fooSJ+LuacMJwKKdE=
github.com/aws/constructs-go/constructs/v10 v10.1.224 h1:z9MDUKeJ+jmRAFNPoWTbIN8Kgp3uLgDfxeff+la8bNE=
github.com/aws/constructs-go/constructs/v10 v10.1.224/go.mod h1:VEBihwbAahg1Y5bAma05g20t+OeBjLuTnWecZ8/jsSQ=
github.com/aws/constructs-go/constructs/v10 v10.1.251 h1:im41Bqfo5WCTpV7kQrbK45/TXyiYsBAldls7KnzoFFU=
github.com/aws/constructs-go/constructs/v10 v10.1.251/go.mod h1:DCdBSjN04Ck2pajCacTD4RKFqSA7Utya8d62XreYctI=
github.com/aws/jsii-runtime-go v1.73.0 h1:4ncTOPq5SAHI0KgkP1ZdH49hRYVE3VCOZKqtilvvbnc=
github.com/aws/jsii-runtime-go v1.73.0/go.mod h1:Li7bq0fd6cg3hbRmYQf3l2VOF9dRwF9fLk3GgHOsHVQ=
github.com/aws/jsii-runtime-go v1.75.0 h1:NhpUfyiL7/wsRuUekFsz8FFBCYLfPD/l61kKg9kL/a4=
github.com/aws/jsii-runtime-go v1.75.0/go.mod h1:TKCyrtM0pygEPo4rDZzbMSDNCDNTSYSN6/mGyHI6O3I=
github.com/cdklabs/awscdk-asset-awscli-go/awscliv1/v2 v2.2.49 h1:B4SHdaXpWWDcaX1uiLY8EZBqSkNkTVn8tIWjgupFuvY=
github.com/cdklabs/awscdk-asset-awscli-go/awscliv1/v2 v2.2.49/go.mod h1:tlNrUd0+vEvsVTA0C1lE0p2txRPrnK53kb44hCuxdDI=
github.com/cdklabs/awscdk-asset-awscli-go/awscliv1/v2 v2.2.68 h1:9NqP7bKTxh0tLKl8NBh0iJ3QoH/85KR7A6mQk1K9UOo=
github.com/cdklabs/awscdk-asset-awscli-go/awscliv1/v2 v2.2.68/go.mod h1:FqlSJCY2fCFV9nJIba7v5atWvW1rcAQzriPaxIAoOOs=
github.com/cdklabs/awscdk-asset-kubectl-go/kubectlv20/v2 v2.1.1 h1:l5N27aCCjAB5cgW5pI4/ujnasPL8hUcJ9KBxrKk6UiQ=
github.com/cdklabs/awscdk-asset-kubectl-go/kubectlv20/v2 v2.1.1/go.mod h1:CvFHBo0qcg8LUkJqIxQtP1rD/sNGv9bX3L2vHT2FUAo=
github.com/cdklabs/awscdk-asset-node-proxy-agent-go/nodeproxyagentv5/v2 v2.0.38 h1:IgRq7F3odfHx5cnb+ejlMV+jGTmNOH7pJnSt8ownfvc=
github.com/cdklabs/awscdk-asset-node-proxy-agent-go/nodeproxyagentv5/v2 v2.0.38/go.mod h1:nh+vhRCLVkw4XOCpller0iKwUxQSs7PbRZnaQ4WoqSw=
github.com/cdklabs/awscdk-asset-node-proxy-agent-go/nodeproxyagentv5/v2 v2.0.57 h1:WCR0T+Q3L9jEZ3p5uMG4ro1JT13s4eFnITBmFa4lw0A=
github.com/cdklabs/awscdk-asset-node-proxy-agent-go/nodeproxyagentv5/v2 v2.0.57/go.mod h1:XgZTTBL1l2C60ABdR0VEVz4wNvlFI1Rm2Yr8YXdM/4Q=
golang.org/x/text v0.6.0 h1:3XmdazWV+ubf7QgHSTWeykHOci5oeekaGJBLkrkaw4k=
golang.org/x/text v0.6.0/go.mod h1:mrYo+phRRbMaCq/xk9113O4dZlRixOauAjOtrjsXDZ8=
golang.org/x/text v0.7.0 h1:4BRB4x83lYWy72KwLD/qYDuTu7q9PjSagHvijDw7cLo=
golang.org/x/text v0.7.0/go.mod h1:mrYo+phRRbMaCq/xk9113O4dZlRixOauAjOtrjsXDZ8=
