code.olapie.com/sugar/v2 v2.3.4 h1:UkAR2gMdxEf24j5kFTOm9SEcpRyHWB9LIwEbPC7XdwY=
code.olapie.com/sugar/v2 v2.3.4/go.mod h1:H4m9CSL4V+i0pZKwurkMHiaSPL4Nfu6sXbOr6ri3fQw=
github.com/Masterminds/semver/v3 v3.2.0 h1:3MEsd0SM6jqZojhjLWWeBY+Kcjy9i6MQAeY7YgDP83g=
github.com/Masterminds/semver/v3 v3.2.0/go.mod h1:qvl/7zhW3nngYb5+80sSMF+FG2BjYrf8m9wsX0PNOMQ=
github.com/aws/aws-cdk-go/awscdk/v2 v2.61.0 h1:o72xLY3HPuKcr2IYAw4a/2O6oKq2LfaLCQEmMsgzQGs=
github.com/aws/aws-cdk-go/awscdk/v2 v2.61.0/go.mod h1:q+ex2DD7kAiA97R8wz49wL1EzTUbAm8ylh+Wr1daKOE=
github.com/aws/aws-cdk-go/awscdkapigatewayv2alpha/v2 v2.61.0-alpha.0 h1:aqxoAsJ5jRnnwPWShVG2n/wwiFJby0kO2lR60JOj+34=
github.com/aws/aws-cdk-go/awscdkapigatewayv2alpha/v2 v2.61.0-alpha.0/go.mod h1:F5m+56VznyX4QoMedqXmGLLEKTsDFMcRwb1ByzeSq88=
github.com/aws/aws-cdk-go/awscdkapigatewayv2integrationsalpha/v2 v2.61.0-alpha.0 h1:Ct3nwwfL55ULbUwNVgTiiH+wg/zDuBhFGGhjhkyIO9c=
github.com/aws/aws-cdk-go/awscdkapigatewayv2integrationsalpha/v2 v2.61.0-alpha.0/go.mod h1:hCmq13x5LvkUyVUihFVvMex5p9MpiQSws254+BIFDx8=
github.com/aws/constructs-go/constructs/v10 v10.1.224 h1:z9MDUKeJ+jmRAFNPoWTbIN8Kgp3uLgDfxeff+la8bNE=
github.com/aws/constructs-go/constructs/v10 v10.1.224/go.mod h1:VEBihwbAahg1Y5bAma05g20t+OeBjLuTnWecZ8/jsSQ=
github.com/aws/jsii-runtime-go v1.73.0 h1:4ncTOPq5SAHI0KgkP1ZdH49hRYVE3VCOZKqtilvvbnc=
github.com/aws/jsii-runtime-go v1.73.0/go.mod h1:Li7bq0fd6cg3hbRmYQf3l2VOF9dRwF9fLk3GgHOsHVQ=
github.com/cdklabs/awscdk-asset-awscli-go/awscliv1/v2 v2.2.49 h1:B4SHdaXpWWDcaX1uiLY8EZBqSkNkTVn8tIWjgupFuvY=
github.com/cdklabs/awscdk-asset-awscli-go/awscliv1/v2 v2.2.49/go.mod h1:tlNrUd0+vEvsVTA0C1lE0p2txRPrnK53kb44hCuxdDI=
github.com/cdklabs/awscdk-asset-kubectl-go/kubectlv20/v2 v2.1.1 h1:l5N27aCCjAB5cgW5pI4/ujnasPL8hUcJ9KBxrKk6UiQ=
github.com/cdklabs/awscdk-asset-kubectl-go/kubectlv20/v2 v2.1.1/go.mod h1:CvFHBo0qcg8LUkJqIxQtP1rD/sNGv9bX3L2vHT2FUAo=
github.com/cdklabs/awscdk-asset-node-proxy-agent-go/nodeproxyagentv5/v2 v2.0.38 h1:IgRq7F3odfHx5cnb+ejlMV+jGTmNOH7pJnSt8ownfvc=
github.com/cdklabs/awscdk-asset-node-proxy-agent-go/nodeproxyagentv5/v2 v2.0.38/go.mod h1:nh+vhRCLVkw4XOCpller0iKwUxQSs7PbRZnaQ4WoqSw=
golang.org/x/text v0.6.0 h1:3XmdazWV+ubf7QgHSTWeykHOci5oeekaGJBLkrkaw4k=
golang.org/x/text v0.6.0/go.mod h1:mrYo+phRRbMaCq/xk9113O4dZlRixOauAjOtrjsXDZ8=
