github.com/Masterminds/semver/v3 v3.2.0 h1:3MEsd0SM6jqZojhjLWWeBY+Kcjy9i6MQAeY7YgDP83g=
github.com/Masterminds/semver/v3 v3.2.0/go.mod h1:qvl/7zhW3nngYb5+80sSMF+FG2BjYrf8m9wsX0PNOMQ=
github.com/Masterminds/semver/v3 v3.2.1 h1:RN9w6+7QoMeJVGyfmbcgs28Br8cvmnucEXnY0rYXWg0=
github.com/Masterminds/semver/v3 v3.2.1/go.mod h1:qvl/7zhW3nngYb5+80sSMF+FG2BjYrf8m9wsX0PNOMQ=
github.com/aws/aws-cdk-go/awscdk/v2 v2.64.0 h1:kf89I+RIXGiisIRl8IQCKMFDQpCYZazpbjtaLYJ0Mn4=
github.com/aws/aws-cdk-go/awscdk/v2 v2.64.0/go.mod h1:AGXUejp2NX1qZyaEcPpc56qUdou8DQ4juk1N+VhHkas=
github.com/aws/aws-cdk-go/awscdk/v2 v2.90.0 h1:W60NLSJsAouLHmVjgIEuA/LgOYJx75Hu3v+DHbZesbo=
github.com/aws/aws-cdk-go/awscdk/v2 v2.90.0/go.mod h1:iWDNt4/JZK5JggHfCszeIG4gxIuMqsCDqwzM+ayrwUQ=
github.com/aws/aws-cdk-go/awscdkapigatewayv2alpha/v2 v2.64.0-alpha.0 h1:rVct/nkmE8xvsEn3hgdw85GpOVmAUCict4+v+ZnqOoA=
github.com/aws/aws-cdk-go/awscdkapigatewayv2alpha/v2 v2.64.0-alpha.0/go.mod h1:XfNqNrBUVObWSGM/LTJBRJPGYO3E9NAEYI24uoSwKQM=
github.com/aws/aws-cdk-go/awscdkapigatewayv2alpha/v2 v2.90.0-alpha.0 h1:8oTTxKRPWVaXHTcUYc5xI7M+lqtZ9ejLGguWbX9QSRc=
github.com/aws/aws-cdk-go/awscdkapigatewayv2alpha/v2 v2.90.0-alpha.0/go.mod h1:ngGzeFy6hAgMR4xA4hkk+uxd5cNi0tJI7WVHIiVxosA=
github.com/aws/aws-cdk-go/awscdkapigatewayv2integrationsalpha/v2 v2.64.0-alpha.0 h1:qvv2jp93zIvAf65LA9BuX4jwga0Q86kCqzg/43h3iSg=
github.com/aws/aws-cdk-go/awscdkapigatewayv2integrationsalpha/v2 v2.64.0-alpha.0/go.mod h1:d8N5NbcFNkaFOpPepXZ382sPP1fooSJ+LuacMJwKKdE=
github.com/aws/aws-cdk-go/awscdkapigatewayv2integrationsalpha/v2 v2.90.0-alpha.0 h1:5egz7E0XlNyS1FXcHiSTmoAP9UxAjzgVQyicX2XOqRs=
github.com/aws/aws-cdk-go/awscdkapigatewayv2integrationsalpha/v2 v2.90.0-alpha.0/go.mod h1:/gtM6zUBRDX1NHyW5F0TgiEbwqcVsRtMqEXgAl+bHqE=
github.com/aws/constructs-go/constructs/v10 v10.1.251 h1:im41Bqfo5WCTpV7kQrbK45/TXyiYsBAldls7KnzoFFU=
github.com/aws/constructs-go/constructs/v10 v10.1.251/go.mod h1:DCdBSjN04Ck2pajCacTD4RKFqSA7Utya8d62XreYctI=
github.com/aws/constructs-go/constructs/v10 v10.2.69 h1:XW89VuKlwwzgU77Nyzj30SPn2SFtDYkzfF+QN84b5bQ=
github.com/aws/constructs-go/constructs/v10 v10.2.69/go.mod h1:5WfHPfZkNfuz2sOaSNZPhtKr2bofB0M3/0i8ty3xuW8=
github.com/aws/jsii-runtime-go v1.75.0 h1:NhpUfyiL7/wsRuUekFsz8FFBCYLfPD/l61kKg9kL/a4=
github.com/aws/jsii-runtime-go v1.75.0/go.mod h1:TKCyrtM0pygEPo4rDZzbMSDNCDNTSYSN6/mGyHI6O3I=
github.com/aws/jsii-runtime-go v1.86.1 h1:xl3sO/3Nx9aM0rHvkGlY7Phb6S/2yOr8CBK060K0PVA=
github.com/aws/jsii-runtime-go v1.86.1/go.mod h1:4onTREXyqS1dVxkaFhHn2eJ58LKhJGVp2pQBhOw27aY=
github.com/cdklabs/awscdk-asset-awscli-go/awscliv1/v2 v2.2.68 h1:9NqP7bKTxh0tLKl8NBh0iJ3QoH/85KR7A6mQk1K9UOo=
github.com/cdklabs/awscdk-asset-awscli-go/awscliv1/v2 v2.2.68/go.mod h1:FqlSJCY2fCFV9nJIba7v5atWvW1rcAQzriPaxIAoOOs=
github.com/cdklabs/awscdk-asset-awscli-go/awscliv1/v2 v2.2.200 h1:CwkS78cin4h5A3IaDcL69GrBI1HgTEB/xtECTf1luCc=
github.com/cdklabs/awscdk-asset-awscli-go/awscliv1/v2 v2.2.200/go.mod h1:sx6+u9s3UHyhm9BGrkGdQgNA0Ni5ekbJ9hW2Gupvoy0=
github.com/cdklabs/awscdk-asset-kubectl-go/kubectlv20/v2 v2.1.1 h1:l5N27aCCjAB5cgW5pI4/ujnasPL8hUcJ9KBxrKk6UiQ=
github.com/cdklabs/awscdk-asset-kubectl-go/kubectlv20/v2 v2.1.1/go.mod h1:CvFHBo0qcg8LUkJqIxQtP1rD/sNGv9bX3L2vHT2FUAo=
github.com/cdklabs/awscdk-asset-kubectl-go/kubectlv20/v2 v2.1.2 h1:k+WD+6cERd59Mao84v0QtRrcdZuuSMfzlEmuIypKnVs=
github.com/cdklabs/awscdk-asset-kubectl-go/kubectlv20/v2 v2.1.2/go.mod h1:CvFHBo0qcg8LUkJqIxQtP1rD/sNGv9bX3L2vHT2FUAo=
github.com/cdklabs/awscdk-asset-node-proxy-agent-go/nodeproxyagentv5/v2 v2.0.57 h1:WCR0T+Q3L9jEZ3p5uMG4ro1JT13s4eFnITBmFa4lw0A=
github.com/cdklabs/awscdk-asset-node-proxy-agent-go/nodeproxyagentv5/v2 v2.0.57/go.mod h1:XgZTTBL1l2C60ABdR0VEVz4wNvlFI1Rm2Yr8YXdM/4Q=
github.com/cdklabs/awscdk-asset-node-proxy-agent-go/nodeproxyagentv5/v2 v2.0.166 h1:U5yXUyaDEDYyMkXys8T8p+xXnNtrpj8meSjyzMvi87g=
github.com/cdklabs/awscdk-asset-node-proxy-agent-go/nodeproxyagentv5/v2 v2.0.166/go.mod h1:gRo8jRhn3XwNiy2v47yITrKFM/OPK1Mv9U9fKq5d6lI=
github.com/golang/protobuf v1.5.0/go.mod h1:FsONVRAS9T7sI+LIUmWTfcYkHO4aIWwzhcaSAoJOfIk=
github.com/google/go-cmp v0.5.5/go.mod h1:v8dTdLbMG2kIc/vJvl+f65V22dbkXbowE6jgT/gNBxE=
github.com/google/go-cmp v0.5.9 h1:O2Tfq5qg4qc4AmwVlvv0oLiVAGB7enBSJ2x2DqQFi38=
github.com/google/go-cmp v0.5.9/go.mod h1:17dUlkBOakJ0+DkrSSNjCkIjxS6bF9zb3elmeNGIjoY=
github.com/google/uuid v1.3.0 h1:t6JiXgmwXMjEs8VusXIJk2BXHsn+wx8BZdTaoZ5fu7I=
github.com/google/uuid v1.3.0/go.mod h1:TIyPZe4MgqvfeYDBFedMoGGpEw/LqOeaOT+nhxU+yHo=
go.olapie.com/utils v0.1.10 h1:e+Er5tUnTieceH3Dg9ZDw+qyohPx4a263a4WIBdl0oQ=
go.olapie.com/utils v0.1.10/go.mod h1:Sgc4La+3FvXlyMIbwMv/jTT4O7WKBAIkiK5vKKs115U=
go.olapie.com/utils v0.4.0 h1:LjYvilhfkwvX+q6kAVD4QUgy878RQlHbPaSYIwfu/zM=
go.olapie.com/utils v0.4.0/go.mod h1:iJngFrmvZmzCKS9cgNyJoFwTXQ+Y6EYHNPNPjqbiB7Y=
golang.org/x/crypto v0.6.0 h1:qfktjS5LUO+fFKeJXZ+ikTRijMmljikvG68fpMMruSc=
golang.org/x/crypto v0.6.0/go.mod h1:OFC/31mSvZgRz0V1QTNCzfAI1aIRzbiufJtkMIlEp58=
golang.org/x/crypto v0.12.0 h1:tFM/ta59kqch6LlvYnPa0yx5a83cL2nHflFhYKvv9Yk=
golang.org/x/crypto v0.12.0/go.mod h1:NF0Gs7EO5K4qLn+Ylc+fih8BSTeIjAP05siRnAh98yw=
golang.org/x/sys v0.5.0 h1:MUK/U/4lj1t1oPg0HfuXDN/Z1wv31ZJ/YcPiGccS4DU=
golang.org/x/sys v0.5.0/go.mod h1:oPkhp1MJrh7nUepCBck5+mAzfO9JrbApNNgaTdGDITg=
golang.org/x/sys v0.11.0 h1:eG7RXZHdqOJ1i+0lgLgCpSXAp6M3LYlAo6osgSi0xOM=
golang.org/x/sys v0.11.0/go.mod h1:oPkhp1MJrh7nUepCBck5+mAzfO9JrbApNNgaTdGDITg=
golang.org/x/term v0.5.0 h1:n2a8QNdAb0sZNpU9R1ALUXBbY+w51fCQDN+7EdxNBsY=
golang.org/x/term v0.5.0/go.mod h1:jMB1sMXY+tzblOD4FWmEbocvup2/aLOaQEp7JmGp78k=
golang.org/x/term v0.11.0 h1:F9tnn/DA/Im8nCwm+fX+1/eBwi4qFjRT++MhtVC4ZX0=
golang.org/x/term v0.11.0/go.mod h1:zC9APTIj3jG3FdV/Ons+XE1riIZXG4aZ4GTHiPZJPIU=
golang.org/x/text v0.7.0 h1:4BRB4x83lYWy72KwLD/qYDuTu7q9PjSagHvijDw7cLo=
golang.org/x/text v0.7.0/go.mod h1:mrYo+phRRbMaCq/xk9113O4dZlRixOauAjOtrjsXDZ8=
golang.org/x/text v0.12.0 h1:k+n5B8goJNdU7hSvEtMUz3d1Q6D/XW4COJSJR6fN0mc=
golang.org/x/text v0.12.0/go.mod h1:TvPlkZtksWOMsz7fbANvkp4WM8x/WCo/om8BMLbz+aE=
golang.org/x/xerrors v0.0.0-20191204190536-9bdfabe68543/go.mod h1:I/5z698sn9Ka8TeJc9MKroUUfqBBauWjQqLJ2OPfmY0=
google.golang.org/protobuf v1.26.0-rc.1/go.mod h1:jlhhOSvTdKEhbULTjvd4ARK9grFBp09yW+WbY/TyQbw=
google.golang.org/protobuf v1.28.1 h1:d0NfwRgPtno5B1Wa6L2DAG+KivqkdutMf1UhdNx175w=
google.golang.org/protobuf v1.28.1/go.mod h1:HV8QOd/L58Z+nl8r43ehVNZIU/HEI6OcFqwMG9pJV4I=
google.golang.org/protobuf v1.31.0 h1:g0LDEJHgrBl9N9r17Ru3sqWhkIx2NB67okBHPwC7hs8=
google.golang.org/protobuf v1.31.0/go.mod h1:HV8QOd/L58Z+nl8r43ehVNZIU/HEI6OcFqwMG9pJV4I=
